
Microsoft Visual Studio Solution File, Format Version 12.00
# Visual Studio Version 17
VisualStudioVersion = 17.7.34202.233
MinimumVisualStudioVersion = 10.0.40219.1
Project("{FAE04EC0-301F-11D3-BF4B-00C04F79EFBC}") = "JWTRefreshToken", "JWTRefreshToken.csproj", "{680E951D-0684-4368-946E-9C2E4F25E597}"
EndProject
Global
	GlobalSection(SolutionConfigurationPlatforms) = preSolution
		Debug|Any CPU = Debug|Any CPU
		Release|Any CPU = Release|Any CPU
	EndGlobalSection
	GlobalSection(ProjectConfigurationPlatforms) = postSolution
		{680E951D-0684-4368-946E-9C2E4F25E597}.Debug|Any CPU.ActiveCfg = Debug|Any CPU
		{680E951D-0684-4368-946E-9C2E4F25E597}.Debug|Any CPU.Build.0 = Debug|Any CPU
		{680E951D-0684-4368-946E-9C2E4F25E597}.Release|Any CPU.ActiveCfg = Release|Any CPU
		{680E951D-0684-4368-946E-9C2E4F25E597}.Release|Any CPU.Build.0 = Release|Any CPU
	EndGlobalSection
	GlobalSection(SolutionProperties) = preSolution
		HideSolutionNode = FALSE
	EndGlobalSection
	GlobalSection(ExtensibilityGlobals) = postSolution
		SolutionGuid = {FD2B0056-79FB-4ED6-A080-A92AB8CA8331}
	EndGlobalSection
EndGlobal
